// !$*UTF8*$!
{
	archiveVersion = 1;
	classes = {
	};
	objectVersion = 48;
	objects = {

/* Begin PBXBuildFile section */
		7BD97AEC2027246100B2D13A /* AppDelegate.swift in Sources */ = {isa = PBXBuildFile; fileRef = 7BD97AEB2027246100B2D13A /* AppDelegate.swift */; };
		7BD97AEE2027246100B2D13A /* ViewController.swift in Sources */ = {isa = PBXBuildFile; fileRef = 7BD97AED2027246100B2D13A /* ViewController.swift */; };
		7BD97AF02027246100B2D13A /* Assets.xcassets in Resources */ = {isa = PBXBuildFile; fileRef = 7BD97AEF2027246100B2D13A /* Assets.xcassets */; };
		7BD97AF32027246100B2D13A /* Main.storyboard in Resources */ = {isa = PBXBuildFile; fileRef = 7BD97AF12027246100B2D13A /* Main.storyboard */; };
		A5ECE05722BF9F800018F32C /* Cocoa.framework in Frameworks */ = {isa = PBXBuildFile; fileRef = A5ECE05622BF9F800018F32C /* Cocoa.framework */; };
		A5ECE05A22BF9F800018F32C /* SourceEditorExtension.swift in Sources */ = {isa = PBXBuildFile; fileRef = A5ECE05922BF9F800018F32C /* SourceEditorExtension.swift */; };
		A5ECE05C22BF9F800018F32C /* SourceEditorCommand.swift in Sources */ = {isa = PBXBuildFile; fileRef = A5ECE05B22BF9F800018F32C /* SourceEditorCommand.swift */; };
		A5ECE06122BF9F800018F32C /* TPJSONFormatterExt.appex in Embed App Extensions */ = {isa = PBXBuildFile; fileRef = A5ECE05422BF9F800018F32C /* TPJSONFormatterExt.appex */; settings = {ATTRIBUTES = (RemoveHeadersOnCopy, ); }; };
		A5ECE06F22BFCFBF0018F32C /* TPJsonObject.swift in Sources */ = {isa = PBXBuildFile; fileRef = 7BD97B1820274BE400B2D13A /* TPJsonObject.swift */; };
		A5ECE07022BFCFBF0018F32C /* TPJsonProcessor.swift in Sources */ = {isa = PBXBuildFile; fileRef = 7BD97B1A2027741200B2D13A /* TPJsonProcessor.swift */; };
		A5ECE07122BFCFBF0018F32C /* TPInstanceInfo.swift in Sources */ = {isa = PBXBuildFile; fileRef = 7BD97B1C202B3D7600B2D13A /* TPInstanceInfo.swift */; };
		A5ECE07222BFCFBF0018F32C /* TPInstanceParser.swift in Sources */ = {isa = PBXBuildFile; fileRef = 7BD97B2A20306F9700B2D13A /* TPInstanceParser.swift */; };
		A5ECE07422BFCFC60018F32C /* TPJsonObject.swift in Sources */ = {isa = PBXBuildFile; fileRef = 7BD97B1820274BE400B2D13A /* TPJsonObject.swift */; };
		A5ECE07522BFCFC60018F32C /* TPJsonProcessor.swift in Sources */ = {isa = PBXBuildFile; fileRef = 7BD97B1A2027741200B2D13A /* TPJsonProcessor.swift */; };
		A5ECE07622BFCFC60018F32C /* TPInstanceInfo.swift in Sources */ = {isa = PBXBuildFile; fileRef = 7BD97B1C202B3D7600B2D13A /* TPInstanceInfo.swift */; };
		A5ECE07722BFCFC60018F32C /* TPInstanceParser.swift in Sources */ = {isa = PBXBuildFile; fileRef = 7BD97B2A20306F9700B2D13A /* TPInstanceParser.swift */; };
/* End PBXBuildFile section */

/* Begin PBXContainerItemProxy section */
		A5ECE05F22BF9F800018F32C /* PBXContainerItemProxy */ = {
			isa = PBXContainerItemProxy;
			containerPortal = 7BD97AE02027246100B2D13A /* Project object */;
			proxyType = 1;
			remoteGlobalIDString = A5ECE05322BF9F800018F32C;
			remoteInfo = TPJSONFormatterExt;
		};
		A507E94D22896F2900EF7D98 /* PBXContainerItemProxy */ = {
			isa = PBXContainerItemProxy;
			containerPortal = 7BD97AE02027246100B2D13A /* Project object */;
			proxyType = 1;
			remoteGlobalIDString = A507E94122896F2900EF7D98;
			remoteInfo = TPJSONFormatter_Extension;
		};
/* End PBXContainerItemProxy section */

/* Begin PBXCopyFilesBuildPhase section */
		A5ECE06522BF9F800018F32C /* Embed App Extensions */ = {
			isa = PBXCopyFilesBuildPhase;
			buildActionMask = 2147483647;
			dstPath = "";
			dstSubfolderSpec = 13;
			files = (
				A5ECE06122BF9F800018F32C /* TPJSONFormatterExt.appex in Embed App Extensions */,
			);
			name = "Embed App Extensions";
			runOnlyForDeploymentPostprocessing = 0;
		};
/* End PBXCopyFilesBuildPhase section */

/* Begin PBXFileReference section */
		7BD97AE82027246100B2D13A /* TPJSONFormatter.app */ = {isa = PBXFileReference; explicitFileType = wrapper.application; includeInIndex = 0; path = TPJSONFormatter.app; sourceTree = BUILT_PRODUCTS_DIR; };
		7BD97AEB2027246100B2D13A /* AppDelegate.swift */ = {isa = PBXFileReference; lastKnownFileType = sourcecode.swift; path = AppDelegate.swift; sourceTree = "<group>"; };
		7BD97AED2027246100B2D13A /* ViewController.swift */ = {isa = PBXFileReference; lastKnownFileType = sourcecode.swift; path = ViewController.swift; sourceTree = "<group>"; };
		7BD97AEF2027246100B2D13A /* Assets.xcassets */ = {isa = PBXFileReference; lastKnownFileType = folder.assetcatalog; path = Assets.xcassets; sourceTree = "<group>"; };
		7BD97AF22027246100B2D13A /* Base */ = {isa = PBXFileReference; lastKnownFileType = file.storyboard; name = Base; path = Base.lproj/Main.storyboard; sourceTree = "<group>"; };
		7BD97AF42027246100B2D13A /* Info.plist */ = {isa = PBXFileReference; lastKnownFileType = text.plist.xml; path = Info.plist; sourceTree = "<group>"; };
		7BD97AF52027246100B2D13A /* TPJSONFormatter.entitlements */ = {isa = PBXFileReference; lastKnownFileType = text.plist.entitlements; path = TPJSONFormatter.entitlements; sourceTree = "<group>"; };
		7BD97B1820274BE400B2D13A /* TPJsonObject.swift */ = {isa = PBXFileReference; lastKnownFileType = sourcecode.swift; path = TPJsonObject.swift; sourceTree = "<group>"; };
		7BD97B1A2027741200B2D13A /* TPJsonProcessor.swift */ = {isa = PBXFileReference; lastKnownFileType = sourcecode.swift; path = TPJsonProcessor.swift; sourceTree = "<group>"; };
		7BD97B1C202B3D7600B2D13A /* TPInstanceInfo.swift */ = {isa = PBXFileReference; lastKnownFileType = sourcecode.swift; path = TPInstanceInfo.swift; sourceTree = "<group>"; };
		7BD97B2A20306F9700B2D13A /* TPInstanceParser.swift */ = {isa = PBXFileReference; lastKnownFileType = sourcecode.swift; path = TPInstanceParser.swift; sourceTree = "<group>"; };
		A5ECE05422BF9F800018F32C /* TPJSONFormatterExt.appex */ = {isa = PBXFileReference; explicitFileType = "wrapper.app-extension"; includeInIndex = 0; path = TPJSONFormatterExt.appex; sourceTree = BUILT_PRODUCTS_DIR; };
		A5ECE05622BF9F800018F32C /* Cocoa.framework */ = {isa = PBXFileReference; lastKnownFileType = wrapper.framework; name = Cocoa.framework; path = System/Library/Frameworks/Cocoa.framework; sourceTree = SDKROOT; };
		A5ECE05922BF9F800018F32C /* SourceEditorExtension.swift */ = {isa = PBXFileReference; lastKnownFileType = sourcecode.swift; path = SourceEditorExtension.swift; sourceTree = "<group>"; };
		A5ECE05B22BF9F800018F32C /* SourceEditorCommand.swift */ = {isa = PBXFileReference; lastKnownFileType = sourcecode.swift; path = SourceEditorCommand.swift; sourceTree = "<group>"; };
		A5ECE05D22BF9F800018F32C /* Info.plist */ = {isa = PBXFileReference; lastKnownFileType = text.plist.xml; path = Info.plist; sourceTree = "<group>"; };
		A5ECE05E22BF9F800018F32C /* TPJSONFormatterExt.entitlements */ = {isa = PBXFileReference; lastKnownFileType = text.plist.entitlements; path = TPJSONFormatterExt.entitlements; sourceTree = "<group>"; };
/* End PBXFileReference section */

/* Begin PBXFrameworksBuildPhase section */
		7BD97AE52027246100B2D13A /* Frameworks */ = {
			isa = PBXFrameworksBuildPhase;
			buildActionMask = 2147483647;
			files = (
			);
			runOnlyForDeploymentPostprocessing = 0;
		};
		A5ECE05122BF9F800018F32C /* Frameworks */ = {
			isa = PBXFrameworksBuildPhase;
			buildActionMask = 2147483647;
			files = (
				A5ECE05722BF9F800018F32C /* Cocoa.framework in Frameworks */,
			);
			runOnlyForDeploymentPostprocessing = 0;
		};
		A507E93F22896F2900EF7D98 /* Frameworks */ = {
			isa = PBXFrameworksBuildPhase;
			buildActionMask = 2147483647;
			files = (
				A507E94522896F2900EF7D98 /* Cocoa.framework in Frameworks */,
			);
			runOnlyForDeploymentPostprocessing = 0;
		};
/* End PBXFrameworksBuildPhase section */

/* Begin PBXGroup section */
		7BD97ADF2027246100B2D13A = {
			isa = PBXGroup;
			children = (
				7BD97B1720274BBA00B2D13A /* Core */,
				7BD97AEA2027246100B2D13A /* TPJSONFormatter */,
				A5ECE05822BF9F800018F32C /* TPJSONFormatterExt */,
				A5ECE05522BF9F800018F32C /* Frameworks */,
				7BD97AE92027246100B2D13A /* Products */,
			);
			sourceTree = "<group>";
		};
		7BD97AE92027246100B2D13A /* Products */ = {
			isa = PBXGroup;
			children = (
				7BD97AE82027246100B2D13A /* TPJSONFormatter.app */,
				A5ECE05422BF9F800018F32C /* TPJSONFormatterExt.appex */,
			);
			name = Products;
			sourceTree = "<group>";
		};
		7BD97AEA2027246100B2D13A /* TPJSONFormatter */ = {
			isa = PBXGroup;
			children = (
				7BD97AEB2027246100B2D13A /* AppDelegate.swift */,
				7BD97AED2027246100B2D13A /* ViewController.swift */,
				7BD97AEF2027246100B2D13A /* Assets.xcassets */,
				7BD97AF12027246100B2D13A /* Main.storyboard */,
				7BD97AF42027246100B2D13A /* Info.plist */,
				7BD97AF52027246100B2D13A /* TPJSONFormatter.entitlements */,
			);
			path = TPJSONFormatter;
			sourceTree = "<group>";
		};
		7BD97B1720274BBA00B2D13A /* Core */ = {
			isa = PBXGroup;
			children = (
				7BD97B1820274BE400B2D13A /* TPJsonObject.swift */,
				7BD97B1A2027741200B2D13A /* TPJsonProcessor.swift */,
				7BD97B1C202B3D7600B2D13A /* TPInstanceInfo.swift */,
				7BD97B2A20306F9700B2D13A /* TPInstanceParser.swift */,
			);
			path = Core;
			sourceTree = "<group>";
		};
		A5ECE05522BF9F800018F32C /* Frameworks */ = {
			isa = PBXGroup;
			children = (
				A5ECE05622BF9F800018F32C /* Cocoa.framework */,
			);
			name = Frameworks;
			sourceTree = "<group>";
		};
		A5ECE05822BF9F800018F32C /* TPJSONFormatterExt */ = {
			isa = PBXGroup;
			children = (
				A5ECE05922BF9F800018F32C /* SourceEditorExtension.swift */,
				A5ECE05B22BF9F800018F32C /* SourceEditorCommand.swift */,
				A5ECE05D22BF9F800018F32C /* Info.plist */,
				A5ECE05E22BF9F800018F32C /* TPJSONFormatterExt.entitlements */,
			);
			path = TPJSONFormatterExt;
			sourceTree = "<group>";
		};
		A507E94322896F2900EF7D98 /* Frameworks */ = {
			isa = PBXGroup;
			children = (
				A507E94422896F2900EF7D98 /* Cocoa.framework */,
			);
			name = Frameworks;
			sourceTree = "<group>";
		};
		A507E94622896F2900EF7D98 /* TPJSONFormatter_Extension */ = {
			isa = PBXGroup;
			children = (
				A507E94722896F2900EF7D98 /* SourceEditorExtension.swift */,
				A507E94922896F2900EF7D98 /* SourceEditorCommand.swift */,
				A507E94B22896F2900EF7D98 /* Info.plist */,
				A507E94C22896F2900EF7D98 /* TPJSONFormatter_Extension.entitlements */,
			);
			path = TPJSONFormatter_Extension;
			sourceTree = "<group>";
		};
/* End PBXGroup section */

/* Begin PBXNativeTarget section */
		7BD97AE72027246100B2D13A /* TPJSONFormatter */ = {
			isa = PBXNativeTarget;
			buildConfigurationList = 7BD97B0E2027246100B2D13A /* Build configuration list for PBXNativeTarget "TPJSONFormatter" */;
			buildPhases = (
				7BD97AE42027246100B2D13A /* Sources */,
				7BD97AE52027246100B2D13A /* Frameworks */,
				7BD97AE62027246100B2D13A /* Resources */,
				A5ECE06522BF9F800018F32C /* Embed App Extensions */,
			);
			buildRules = (
			);
			dependencies = (
				A5ECE06022BF9F800018F32C /* PBXTargetDependency */,
			);
			name = TPJSONFormatter;
			productName = TPJSONFormatter;
			productReference = 7BD97AE82027246100B2D13A /* TPJSONFormatter.app */;
			productType = "com.apple.product-type.application";
		};
		A5ECE05322BF9F800018F32C /* TPJSONFormatterExt */ = {
			isa = PBXNativeTarget;
			buildConfigurationList = A5ECE06222BF9F800018F32C /* Build configuration list for PBXNativeTarget "TPJSONFormatterExt" */;
			buildPhases = (
				A5ECE05022BF9F800018F32C /* Sources */,
				A5ECE05122BF9F800018F32C /* Frameworks */,
				A5ECE05222BF9F800018F32C /* Resources */,
			);
			buildRules = (
			);
			dependencies = (
			);
			name = TPJSONFormatterExt;
			productName = TPJSONFormatterExt;
			productReference = A5ECE05422BF9F800018F32C /* TPJSONFormatterExt.appex */;
			productType = "com.apple.product-type.xcode-extension";
		};
		A507E94122896F2900EF7D98 /* TPJSONFormatter_Extension */ = {
			isa = PBXNativeTarget;
			buildConfigurationList = A507E95222896F2900EF7D98 /* Build configuration list for PBXNativeTarget "TPJSONFormatter_Extension" */;
			buildPhases = (
				A507E93E22896F2900EF7D98 /* Sources */,
				A507E93F22896F2900EF7D98 /* Frameworks */,
				A507E94022896F2900EF7D98 /* Resources */,
			);
			buildRules = (
			);
			dependencies = (
			);
			name = TPJSONFormatter_Extension;
			productName = TPJSONFormatter_Extension;
			productReference = A507E94222896F2900EF7D98 /* TPJSONFormatter_Extension.appex */;
			productType = "com.apple.product-type.xcode-extension";
		};
/* End PBXNativeTarget section */

/* Begin PBXProject section */
		7BD97AE02027246100B2D13A /* Project object */ = {
			isa = PBXProject;
			attributes = {
				LastSwiftUpdateCheck = 1020;
				LastUpgradeCheck = 1230;
				ORGANIZATIONNAME = "谭鹏";
				TargetAttributes = {
					7BD97AE72027246100B2D13A = {
						CreatedOnToolsVersion = 9.2;
						LastSwiftMigration = 1020;
						ProvisioningStyle = Automatic;
					};
					A5ECE05322BF9F800018F32C = {
						CreatedOnToolsVersion = 10.2.1;
						ProvisioningStyle = Automatic;
					};
					A507E94122896F2900EF7D98 = {
						CreatedOnToolsVersion = 10.2.1;
						ProvisioningStyle = Automatic;
					};
				};
			};
			buildConfigurationList = 7BD97AE32027246100B2D13A /* Build configuration list for PBXProject "TPJSONFormatter" */;
			compatibilityVersion = "Xcode 8.0";
			developmentRegion = en;
			hasScannedForEncodings = 0;
			knownRegions = (
				en,
				Base,
			);
			mainGroup = 7BD97ADF2027246100B2D13A;
			productRefGroup = 7BD97AE92027246100B2D13A /* Products */;
			projectDirPath = "";
			projectRoot = "";
			targets = (
				7BD97AE72027246100B2D13A /* TPJSONFormatter */,
				A5ECE05322BF9F800018F32C /* TPJSONFormatterExt */,
			);
		};
/* End PBXProject section */

/* Begin PBXResourcesBuildPhase section */
		7BD97AE62027246100B2D13A /* Resources */ = {
			isa = PBXResourcesBuildPhase;
			buildActionMask = 2147483647;
			files = (
				7BD97AF02027246100B2D13A /* Assets.xcassets in Resources */,
				7BD97AF32027246100B2D13A /* Main.storyboard in Resources */,
			);
			runOnlyForDeploymentPostprocessing = 0;
		};
		A5ECE05222BF9F800018F32C /* Resources */ = {
			isa = PBXResourcesBuildPhase;
			buildActionMask = 2147483647;
			files = (
			);
			runOnlyForDeploymentPostprocessing = 0;
		};
		A507E94022896F2900EF7D98 /* Resources */ = {
			isa = PBXResourcesBuildPhase;
			buildActionMask = 2147483647;
			files = (
			);
			runOnlyForDeploymentPostprocessing = 0;
		};
/* End PBXResourcesBuildPhase section */

/* Begin PBXSourcesBuildPhase section */
		7BD97AE42027246100B2D13A /* Sources */ = {
			isa = PBXSourcesBuildPhase;
			buildActionMask = 2147483647;
			files = (
				7BD97AEE2027246100B2D13A /* ViewController.swift in Sources */,
				A5ECE07022BFCFBF0018F32C /* TPJsonProcessor.swift in Sources */,
				7BD97AEC2027246100B2D13A /* AppDelegate.swift in Sources */,
				A5ECE06F22BFCFBF0018F32C /* TPJsonObject.swift in Sources */,
				A5ECE07222BFCFBF0018F32C /* TPInstanceParser.swift in Sources */,
				A5ECE07122BFCFBF0018F32C /* TPInstanceInfo.swift in Sources */,
			);
			runOnlyForDeploymentPostprocessing = 0;
		};
		A5ECE05022BF9F800018F32C /* Sources */ = {
			isa = PBXSourcesBuildPhase;
			buildActionMask = 2147483647;
			files = (
				A5ECE07422BFCFC60018F32C /* TPJsonObject.swift in Sources */,
				A5ECE07622BFCFC60018F32C /* TPInstanceInfo.swift in Sources */,
				A5ECE05A22BF9F800018F32C /* SourceEditorExtension.swift in Sources */,
				A5ECE07722BFCFC60018F32C /* TPInstanceParser.swift in Sources */,
				A5ECE07522BFCFC60018F32C /* TPJsonProcessor.swift in Sources */,
				A5ECE05C22BF9F800018F32C /* SourceEditorCommand.swift in Sources */,
			);
			runOnlyForDeploymentPostprocessing = 0;
		};
		A507E93E22896F2900EF7D98 /* Sources */ = {
			isa = PBXSourcesBuildPhase;
			buildActionMask = 2147483647;
			files = (
				A507E94822896F2900EF7D98 /* SourceEditorExtension.swift in Sources */,
				A507E94A22896F2900EF7D98 /* SourceEditorCommand.swift in Sources */,
			);
			runOnlyForDeploymentPostprocessing = 0;
		};
/* End PBXSourcesBuildPhase section */

/* Begin PBXTargetDependency section */
		A5ECE06022BF9F800018F32C /* PBXTargetDependency */ = {
			isa = PBXTargetDependency;
			target = A5ECE05322BF9F800018F32C /* TPJSONFormatterExt */;
			targetProxy = A5ECE05F22BF9F800018F32C /* PBXContainerItemProxy */;
		};
		A507E94E22896F2900EF7D98 /* PBXTargetDependency */ = {
			isa = PBXTargetDependency;
			target = A507E94122896F2900EF7D98 /* TPJSONFormatter_Extension */;
			targetProxy = A507E94D22896F2900EF7D98 /* PBXContainerItemProxy */;
		};
/* End PBXTargetDependency section */

/* Begin PBXVariantGroup section */
		7BD97AF12027246100B2D13A /* Main.storyboard */ = {
			isa = PBXVariantGroup;
			children = (
				7BD97AF22027246100B2D13A /* Base */,
			);
			name = Main.storyboard;
			sourceTree = "<group>";
		};
/* End PBXVariantGroup section */

/* Begin XCBuildConfiguration section */
		7BD97B0C2027246100B2D13A /* Debug */ = {
			isa = XCBuildConfiguration;
			buildSettings = {
				ALWAYS_SEARCH_USER_PATHS = NO;
				CLANG_ANALYZER_NONNULL = YES;
				CLANG_ANALYZER_NUMBER_OBJECT_CONVERSION = YES_AGGRESSIVE;
				CLANG_CXX_LANGUAGE_STANDARD = "gnu++14";
				CLANG_CXX_LIBRARY = "libc++";
				CLANG_ENABLE_MODULES = YES;
				CLANG_ENABLE_OBJC_ARC = YES;
				CLANG_WARN_BLOCK_CAPTURE_AUTORELEASING = YES;
				CLANG_WARN_BOOL_CONVERSION = YES;
				CLANG_WARN_COMMA = YES;
				CLANG_WARN_CONSTANT_CONVERSION = YES;
				CLANG_WARN_DEPRECATED_OBJC_IMPLEMENTATIONS = YES;
				CLANG_WARN_DIRECT_OBJC_ISA_USAGE = YES_ERROR;
				CLANG_WARN_DOCUMENTATION_COMMENTS = YES;
				CLANG_WARN_EMPTY_BODY = YES;
				CLANG_WARN_ENUM_CONVERSION = YES;
				CLANG_WARN_INFINITE_RECURSION = YES;
				CLANG_WARN_INT_CONVERSION = YES;
				CLANG_WARN_NON_LITERAL_NULL_CONVERSION = YES;
				CLANG_WARN_OBJC_IMPLICIT_RETAIN_SELF = YES;
				CLANG_WARN_OBJC_LITERAL_CONVERSION = YES;
				CLANG_WARN_OBJC_ROOT_CLASS = YES_ERROR;
				CLANG_WARN_QUOTED_INCLUDE_IN_FRAMEWORK_HEADER = YES;
				CLANG_WARN_RANGE_LOOP_ANALYSIS = YES;
				CLANG_WARN_STRICT_PROTOTYPES = YES;
				CLANG_WARN_SUSPICIOUS_MOVE = YES;
				CLANG_WARN_UNGUARDED_AVAILABILITY = YES_AGGRESSIVE;
				CLANG_WARN_UNREACHABLE_CODE = YES;
				CLANG_WARN__DUPLICATE_METHOD_MATCH = YES;
				CODE_SIGN_IDENTITY = "Mac Developer";
				COPY_PHASE_STRIP = NO;
				DEBUG_INFORMATION_FORMAT = dwarf;
				ENABLE_STRICT_OBJC_MSGSEND = YES;
				ENABLE_TESTABILITY = YES;
				GCC_C_LANGUAGE_STANDARD = gnu11;
				GCC_DYNAMIC_NO_PIC = NO;
				GCC_NO_COMMON_BLOCKS = YES;
				GCC_OPTIMIZATION_LEVEL = 0;
				GCC_PREPROCESSOR_DEFINITIONS = (
					"DEBUG=1",
					"$(inherited)",
				);
				GCC_WARN_64_TO_32_BIT_CONVERSION = YES;
				GCC_WARN_ABOUT_RETURN_TYPE = YES_ERROR;
				GCC_WARN_UNDECLARED_SELECTOR = YES;
				GCC_WARN_UNINITIALIZED_AUTOS = YES_AGGRESSIVE;
				GCC_WARN_UNUSED_FUNCTION = YES;
				GCC_WARN_UNUSED_VARIABLE = YES;
				MACOSX_DEPLOYMENT_TARGET = 10.13;
				MTL_ENABLE_DEBUG_INFO = YES;
				ONLY_ACTIVE_ARCH = YES;
				SDKROOT = macosx;
				SWIFT_ACTIVE_COMPILATION_CONDITIONS = DEBUG;
				SWIFT_OPTIMIZATION_LEVEL = "-Onone";
			};
			name = Debug;
		};
		7BD97B0D2027246100B2D13A /* Release */ = {
			isa = XCBuildConfiguration;
			buildSettings = {
				ALWAYS_SEARCH_USER_PATHS = NO;
				CLANG_ANALYZER_NONNULL = YES;
				CLANG_ANALYZER_NUMBER_OBJECT_CONVERSION = YES_AGGRESSIVE;
				CLANG_CXX_LANGUAGE_STANDARD = "gnu++14";
				CLANG_CXX_LIBRARY = "libc++";
				CLANG_ENABLE_MODULES = YES;
				CLANG_ENABLE_OBJC_ARC = YES;
				CLANG_WARN_BLOCK_CAPTURE_AUTORELEASING = YES;
				CLANG_WARN_BOOL_CONVERSION = YES;
				CLANG_WARN_COMMA = YES;
				CLANG_WARN_CONSTANT_CONVERSION = YES;
				CLANG_WARN_DEPRECATED_OBJC_IMPLEMENTATIONS = YES;
				CLANG_WARN_DIRECT_OBJC_ISA_USAGE = YES_ERROR;
				CLANG_WARN_DOCUMENTATION_COMMENTS = YES;
				CLANG_WARN_EMPTY_BODY = YES;
				CLANG_WARN_ENUM_CONVERSION = YES;
				CLANG_WARN_INFINITE_RECURSION = YES;
				CLANG_WARN_INT_CONVERSION = YES;
				CLANG_WARN_NON_LITERAL_NULL_CONVERSION = YES;
				CLANG_WARN_OBJC_IMPLICIT_RETAIN_SELF = YES;
				CLANG_WARN_OBJC_LITERAL_CONVERSION = YES;
				CLANG_WARN_OBJC_ROOT_CLASS = YES_ERROR;
				CLANG_WARN_QUOTED_INCLUDE_IN_FRAMEWORK_HEADER = YES;
				CLANG_WARN_RANGE_LOOP_ANALYSIS = YES;
				CLANG_WARN_STRICT_PROTOTYPES = YES;
				CLANG_WARN_SUSPICIOUS_MOVE = YES;
				CLANG_WARN_UNGUARDED_AVAILABILITY = YES_AGGRESSIVE;
				CLANG_WARN_UNREACHABLE_CODE = YES;
				CLANG_WARN__DUPLICATE_METHOD_MATCH = YES;
				CODE_SIGN_IDENTITY = "Mac Developer";
				COPY_PHASE_STRIP = NO;
				DEBUG_INFORMATION_FORMAT = "dwarf-with-dsym";
				ENABLE_NS_ASSERTIONS = NO;
				ENABLE_STRICT_OBJC_MSGSEND = YES;
				GCC_C_LANGUAGE_STANDARD = gnu11;
				GCC_NO_COMMON_BLOCKS = YES;
				GCC_WARN_64_TO_32_BIT_CONVERSION = YES;
				GCC_WARN_ABOUT_RETURN_TYPE = YES_ERROR;
				GCC_WARN_UNDECLARED_SELECTOR = YES;
				GCC_WARN_UNINITIALIZED_AUTOS = YES_AGGRESSIVE;
				GCC_WARN_UNUSED_FUNCTION = YES;
				GCC_WARN_UNUSED_VARIABLE = YES;
				MACOSX_DEPLOYMENT_TARGET = 10.13;
				MTL_ENABLE_DEBUG_INFO = NO;
				SDKROOT = macosx;
				SWIFT_OPTIMIZATION_LEVEL = "-Owholemodule";
			};
			name = Release;
		};
		7BD97B0F2027246100B2D13A /* Debug */ = {
			isa = XCBuildConfiguration;
			buildSettings = {
				ALWAYS_EMBED_SWIFT_STANDARD_LIBRARIES = YES;
				ASSETCATALOG_COMPILER_APPICON_NAME = AppIcon;
				CODE_SIGN_ENTITLEMENTS = TPJSONFormatter/TPJSONFormatter.entitlements;
				CODE_SIGN_IDENTITY = "-";
				CODE_SIGN_STYLE = Automatic;
				COMBINE_HIDPI_IMAGES = YES;
				DEVELOPMENT_TEAM = 69NY7TFEUP;
				INFOPLIST_FILE = TPJSONFormatter/Info.plist;
				LD_RUNPATH_SEARCH_PATHS = "$(inherited) @executable_path/../Frameworks";
				PRODUCT_BUNDLE_IDENTIFIER = com.tanpengcd.TPJSONFormatter;
				PRODUCT_NAME = "$(TARGET_NAME)";
				SWIFT_VERSION = 5.0;
			};
			name = Debug;
		};
		7BD97B102027246100B2D13A /* Release */ = {
			isa = XCBuildConfiguration;
			buildSettings = {
				ALWAYS_EMBED_SWIFT_STANDARD_LIBRARIES = YES;
				ASSETCATALOG_COMPILER_APPICON_NAME = AppIcon;
				CODE_SIGN_ENTITLEMENTS = TPJSONFormatter/TPJSONFormatter.entitlements;
				CODE_SIGN_IDENTITY = "-";
				CODE_SIGN_STYLE = Automatic;
				COMBINE_HIDPI_IMAGES = YES;
				DEVELOPMENT_TEAM = 69NY7TFEUP;
				INFOPLIST_FILE = TPJSONFormatter/Info.plist;
				LD_RUNPATH_SEARCH_PATHS = "$(inherited) @executable_path/../Frameworks";
				PRODUCT_BUNDLE_IDENTIFIER = com.tanpengcd.TPJSONFormatter;
				PRODUCT_NAME = "$(TARGET_NAME)";
				SWIFT_VERSION = 5.0;
			};
			name = Release;
		};
		A5ECE06322BF9F800018F32C /* Debug */ = {
			isa = XCBuildConfiguration;
			buildSettings = {
				CLANG_ENABLE_OBJC_WEAK = YES;
				CLANG_WARN_DEPRECATED_OBJC_IMPLEMENTATIONS = YES;
				CLANG_WARN_OBJC_IMPLICIT_RETAIN_SELF = YES;
				CODE_SIGN_ENTITLEMENTS = TPJSONFormatterExt/TPJSONFormatterExt.entitlements;
				CODE_SIGN_IDENTITY = "-";
				CODE_SIGN_STYLE = Automatic;
				COMBINE_HIDPI_IMAGES = YES;
				DEVELOPMENT_TEAM = 69NY7TFEUP;
				INFOPLIST_FILE = TPJSONFormatterExt/Info.plist;
				LD_RUNPATH_SEARCH_PATHS = "$(inherited) @executable_path/../Frameworks @executable_path/../../../../Frameworks";
				MACOSX_DEPLOYMENT_TARGET = 10.14;
				MTL_ENABLE_DEBUG_INFO = INCLUDE_SOURCE;
				MTL_FAST_MATH = YES;
				PRODUCT_BUNDLE_IDENTIFIER = com.tanpengcd.TPJSONFormatter.TPJSONFormatterExt;
				PRODUCT_NAME = "$(TARGET_NAME)";
				SKIP_INSTALL = YES;
				SWIFT_VERSION = 5.0;
			};
			name = Debug;
		};
		A5ECE06422BF9F800018F32C /* Release */ = {
			isa = XCBuildConfiguration;
			buildSettings = {
				CLANG_ENABLE_OBJC_WEAK = YES;
				CLANG_WARN_DEPRECATED_OBJC_IMPLEMENTATIONS = YES;
				CLANG_WARN_OBJC_IMPLICIT_RETAIN_SELF = YES;
				CODE_SIGN_ENTITLEMENTS = TPJSONFormatterExt/TPJSONFormatterExt.entitlements;
				CODE_SIGN_IDENTITY = "-";
				CODE_SIGN_STYLE = Automatic;
				COMBINE_HIDPI_IMAGES = YES;
				DEVELOPMENT_TEAM = 69NY7TFEUP;
				INFOPLIST_FILE = TPJSONFormatterExt/Info.plist;
				LD_RUNPATH_SEARCH_PATHS = "$(inherited) @executable_path/../Frameworks @executable_path/../../../../Frameworks";
				MACOSX_DEPLOYMENT_TARGET = 10.14;
				MTL_FAST_MATH = YES;
				PRODUCT_BUNDLE_IDENTIFIER = com.tanpengcd.TPJSONFormatter.TPJSONFormatterExt;
				PRODUCT_NAME = "$(TARGET_NAME)";
				SKIP_INSTALL = YES;
				SWIFT_VERSION = 5.0;
			};
			name = Release;
		};
		A507E95022896F2900EF7D98 /* Debug */ = {
			isa = XCBuildConfiguration;
			buildSettings = {
				CLANG_ENABLE_OBJC_WEAK = YES;
				CLANG_WARN_DEPRECATED_OBJC_IMPLEMENTATIONS = YES;
				CLANG_WARN_OBJC_IMPLICIT_RETAIN_SELF = YES;
				CODE_SIGN_ENTITLEMENTS = TPJSONFormatter_Extension/TPJSONFormatter_Extension.entitlements;
				CODE_SIGN_STYLE = Automatic;
				COMBINE_HIDPI_IMAGES = YES;
				DEVELOPMENT_TEAM = 69NY7TFEUP;
				INFOPLIST_FILE = TPJSONFormatter_Extension/Info.plist;
				LD_RUNPATH_SEARCH_PATHS = "$(inherited) @executable_path/../Frameworks @executable_path/../../../../Frameworks";
				MACOSX_DEPLOYMENT_TARGET = 10.14;
				MTL_ENABLE_DEBUG_INFO = INCLUDE_SOURCE;
				MTL_FAST_MATH = YES;
				PRODUCT_BUNDLE_IDENTIFIER = "com.tanpengcd.TPJSONFormatter.TPJSONFormatter-Extension";
				PRODUCT_NAME = "$(TARGET_NAME)";
				SKIP_INSTALL = YES;
				SWIFT_VERSION = 5.0;
			};
			name = Debug;
		};
		A507E95122896F2900EF7D98 /* Release */ = {
			isa = XCBuildConfiguration;
			buildSettings = {
				CLANG_ENABLE_OBJC_WEAK = YES;
				CLANG_WARN_DEPRECATED_OBJC_IMPLEMENTATIONS = YES;
				CLANG_WARN_OBJC_IMPLICIT_RETAIN_SELF = YES;
				CODE_SIGN_ENTITLEMENTS = TPJSONFormatter_Extension/TPJSONFormatter_Extension.entitlements;
				CODE_SIGN_STYLE = Automatic;
				COMBINE_HIDPI_IMAGES = YES;
				DEVELOPMENT_TEAM = 69NY7TFEUP;
				INFOPLIST_FILE = TPJSONFormatter_Extension/Info.plist;
				LD_RUNPATH_SEARCH_PATHS = "$(inherited) @executable_path/../Frameworks @executable_path/../../../../Frameworks";
				MACOSX_DEPLOYMENT_TARGET = 10.14;
				MTL_FAST_MATH = YES;
				PRODUCT_BUNDLE_IDENTIFIER = "com.tanpengcd.TPJSONFormatter.TPJSONFormatter-Extension";
				PRODUCT_NAME = "$(TARGET_NAME)";
				SKIP_INSTALL = YES;
				SWIFT_VERSION = 5.0;
			};
			name = Release;
		};
/* End XCBuildConfiguration section */

/* Begin XCConfigurationList section */
		7BD97AE32027246100B2D13A /* Build configuration list for PBXProject "TPJSONFormatter" */ = {
			isa = XCConfigurationList;
			buildConfigurations = (
				7BD97B0C2027246100B2D13A /* Debug */,
				7BD97B0D2027246100B2D13A /* Release */,
			);
			defaultConfigurationIsVisible = 0;
			defaultConfigurationName = Release;
		};
		7BD97B0E2027246100B2D13A /* Build configuration list for PBXNativeTarget "TPJSONFormatter" */ = {
			isa = XCConfigurationList;
			buildConfigurations = (
				7BD97B0F2027246100B2D13A /* Debug */,
				7BD97B102027246100B2D13A /* Release */,
			);
			defaultConfigurationIsVisible = 0;
			defaultConfigurationName = Release;
		};
		A5ECE06222BF9F800018F32C /* Build configuration list for PBXNativeTarget "TPJSONFormatterExt" */ = {
			isa = XCConfigurationList;
			buildConfigurations = (
				A5ECE06322BF9F800018F32C /* Debug */,
				A5ECE06422BF9F800018F32C /* Release */,
			);
			defaultConfigurationIsVisible = 0;
			defaultConfigurationName = Release;
		};
		A507E95222896F2900EF7D98 /* Build configuration list for PBXNativeTarget "TPJSONFormatter_Extension" */ = {
			isa = XCConfigurationList;
			buildConfigurations = (
				A507E95022896F2900EF7D98 /* Debug */,
				A507E95122896F2900EF7D98 /* Release */,
			);
			defaultConfigurationIsVisible = 0;
			defaultConfigurationName = Release;
		};
/* End XCConfigurationList section */
	};
	rootObject = 7BD97AE02027246100B2D13A /* Project object */;
}
