// !$*UTF8*$!
{
	archiveVersion = 1;
	classes = {
	};
	objectVersion = 48;
	objects = {

/* Begin PBXBuildFile section */
		011D3067ECA58DAF53934F85 /* Pods_TPJSONFormatterUITests.framework in Frameworks */ = {isa = PBXBuildFile; fileRef = AF714CCCEAAD6641BD8E8418 /* Pods_TPJSONFormatterUITests.framework */; };
		7BD97AEC2027246100B2D13A /* AppDelegate.swift in Sources */ = {isa = PBXBuildFile; fileRef = 7BD97AEB2027246100B2D13A /* AppDelegate.swift */; };
		7BD97AEE2027246100B2D13A /* ViewController.swift in Sources */ = {isa = PBXBuildFile; fileRef = 7BD97AED2027246100B2D13A /* ViewController.swift */; };
		7BD97AF02027246100B2D13A /* Assets.xcassets in Resources */ = {isa = PBXBuildFile; fileRef = 7BD97AEF2027246100B2D13A /* Assets.xcassets */; };
		7BD97AF32027246100B2D13A /* Main.storyboard in Resources */ = {isa = PBXBuildFile; fileRef = 7BD97AF12027246100B2D13A /* Main.storyboard */; };
		7BD97AFF2027246100B2D13A /* TPJSONFormatterTests.swift in Sources */ = {isa = PBXBuildFile; fileRef = 7BD97AFE2027246100B2D13A /* TPJSONFormatterTests.swift */; };
		7BD97B0A2027246100B2D13A /* TPJSONFormatterUITests.swift in Sources */ = {isa = PBXBuildFile; fileRef = 7BD97B092027246100B2D13A /* TPJSONFormatterUITests.swift */; };
		7BD97B2E2030765100B2D13A /* String_extension.swift in Sources */ = {isa = PBXBuildFile; fileRef = 7BD97B2D2030765100B2D13A /* String_extension.swift */; };
		82E36CF0B57CC76920C69506 /* Pods_TPJSONFormatter.framework in Frameworks */ = {isa = PBXBuildFile; fileRef = 69A30BC324F728B48D8539C0 /* Pods_TPJSONFormatter.framework */; };
		A5086F6C22C220D600488831 /* StatusBarController.swift in Sources */ = {isa = PBXBuildFile; fileRef = A5086F6B22C220D600488831 /* StatusBarController.swift */; };
		A5ECE05722BF9F800018F32C /* Cocoa.framework in Frameworks */ = {isa = PBXBuildFile; fileRef = A5ECE05622BF9F800018F32C /* Cocoa.framework */; };
		A5ECE05A22BF9F800018F32C /* SourceEditorExtension.swift in Sources */ = {isa = PBXBuildFile; fileRef = A5ECE05922BF9F800018F32C /* SourceEditorExtension.swift */; };
		A5ECE05C22BF9F800018F32C /* SourceEditorCommand.swift in Sources */ = {isa = PBXBuildFile; fileRef = A5ECE05B22BF9F800018F32C /* SourceEditorCommand.swift */; };
		A5ECE06122BF9F800018F32C /* TPJSONFormatterExt.appex in Embed App Extensions */ = {isa = PBXBuildFile; fileRef = A5ECE05422BF9F800018F32C /* TPJSONFormatterExt.appex */; settings = {ATTRIBUTES = (RemoveHeadersOnCopy, ); }; };
		A5ECE06F22BFCFBF0018F32C /* TPJsonObject.swift in Sources */ = {isa = PBXBuildFile; fileRef = 7BD97B1820274BE400B2D13A /* TPJsonObject.swift */; };
		A5ECE07022BFCFBF0018F32C /* TPJsonProcessor.swift in Sources */ = {isa = PBXBuildFile; fileRef = 7BD97B1A2027741200B2D13A /* TPJsonProcessor.swift */; };
		A5ECE07122BFCFBF0018F32C /* TPInstanceInfo.swift in Sources */ = {isa = PBXBuildFile; fileRef = 7BD97B1C202B3D7600B2D13A /* TPInstanceInfo.swift */; };
		A5ECE07222BFCFBF0018F32C /* TPInstanceParser.swift in Sources */ = {isa = PBXBuildFile; fileRef = 7BD97B2A20306F9700B2D13A /* TPInstanceParser.swift */; };
		A5ECE07422BFCFC60018F32C /* TPJsonObject.swift in Sources */ = {isa = PBXBuildFile; fileRef = 7BD97B1820274BE400B2D13A /* TPJsonObject.swift */; };
		A5ECE07522BFCFC60018F32C /* TPJsonProcessor.swift in Sources */ = {isa = PBXBuildFile; fileRef = 7BD97B1A2027741200B2D13A /* TPJsonProcessor.swift */; };
		A5ECE07622BFCFC60018F32C /* TPInstanceInfo.swift in Sources */ = {isa = PBXBuildFile; fileRef = 7BD97B1C202B3D7600B2D13A /* TPInstanceInfo.swift */; };
		A5ECE07722BFCFC60018F32C /* TPInstanceParser.swift in Sources */ = {isa = PBXBuildFile; fileRef = 7BD97B2A20306F9700B2D13A /* TPInstanceParser.swift */; };
		A5ECE07822BFCFC60018F32C /* String_extension.swift in Sources */ = {isa = PBXBuildFile; fileRef = 7BD97B2D2030765100B2D13A /* String_extension.swift */; };
		DADD005791331D454A5AC5C3 /* Pods_TPJSONFormatterTests.framework in Frameworks */ = {isa = PBXBuildFile; fileRef = E9028179D6B769BADCAEF75A /* Pods_TPJSONFormatterTests.framework */; };
		E86590FA7ABBD5A102458562 /* Pods_TPJSONFormatterExt.framework in Frameworks */ = {isa = PBXBuildFile; fileRef = 4A899DCCA1022561CB682685 /* Pods_TPJSONFormatterExt.framework */; };
/* End PBXBuildFile section */

/* Begin PBXContainerItemProxy section */
		7BD97AFB2027246100B2D13A /* PBXContainerItemProxy */ = {
			isa = PBXContainerItemProxy;
			containerPortal = 7BD97AE02027246100B2D13A /* Project object */;
			proxyType = 1;
			remoteGlobalIDString = 7BD97AE72027246100B2D13A;
			remoteInfo = TPJSONFormatter;
		};
		7BD97B062027246100B2D13A /* PBXContainerItemProxy */ = {
			isa = PBXContainerItemProxy;
			containerPortal = 7BD97AE02027246100B2D13A /* Project object */;
			proxyType = 1;
			remoteGlobalIDString = 7BD97AE72027246100B2D13A;
			remoteInfo = TPJSONFormatter;
		};
		A5ECE05F22BF9F800018F32C /* PBXContainerItemProxy */ = {
			isa = PBXContainerItemProxy;
			containerPortal = 7BD97AE02027246100B2D13A /* Project object */;
			proxyType = 1;
			remoteGlobalIDString = A5ECE05322BF9F800018F32C;
			remoteInfo = TPJSONFormatterExt;
		};
/* End PBXContainerItemProxy section */

/* Begin PBXCopyFilesBuildPhase section */
		A5ECE06522BF9F800018F32C /* Embed App Extensions */ = {
			isa = PBXCopyFilesBuildPhase;
			buildActionMask = 2147483647;
			dstPath = "";
			dstSubfolderSpec = 13;
			files = (
				A5ECE06122BF9F800018F32C /* TPJSONFormatterExt.appex in Embed App Extensions */,
			);
			name = "Embed App Extensions";
			runOnlyForDeploymentPostprocessing = 0;
		};
/* End PBXCopyFilesBuildPhase section */

/* Begin PBXFileReference section */
		1548636441C322AFC24B795C /* Pods-TPJSONFormatter.release.xcconfig */ = {isa = PBXFileReference; includeInIndex = 1; lastKnownFileType = text.xcconfig; name = "Pods-TPJSONFormatter.release.xcconfig"; path = "Target Support Files/Pods-TPJSONFormatter/Pods-TPJSONFormatter.release.xcconfig"; sourceTree = "<group>"; };
		2BC564CCFF794FF6A134F8BD /* Pods-TPJSONFormatterExt.release.xcconfig */ = {isa = PBXFileReference; includeInIndex = 1; lastKnownFileType = text.xcconfig; name = "Pods-TPJSONFormatterExt.release.xcconfig"; path = "Target Support Files/Pods-TPJSONFormatterExt/Pods-TPJSONFormatterExt.release.xcconfig"; sourceTree = "<group>"; };
		396B2D3CF2E331A1789A30CB /* Pods-TPJSONFormatter.debug.xcconfig */ = {isa = PBXFileReference; includeInIndex = 1; lastKnownFileType = text.xcconfig; name = "Pods-TPJSONFormatter.debug.xcconfig"; path = "Target Support Files/Pods-TPJSONFormatter/Pods-TPJSONFormatter.debug.xcconfig"; sourceTree = "<group>"; };
		4A899DCCA1022561CB682685 /* Pods_TPJSONFormatterExt.framework */ = {isa = PBXFileReference; explicitFileType = wrapper.framework; includeInIndex = 0; path = Pods_TPJSONFormatterExt.framework; sourceTree = BUILT_PRODUCTS_DIR; };
		555CDA96B1746258A0A48E52 /* Pods-TPJSONFormatterTests.release.xcconfig */ = {isa = PBXFileReference; includeInIndex = 1; lastKnownFileType = text.xcconfig; name = "Pods-TPJSONFormatterTests.release.xcconfig"; path = "Target Support Files/Pods-TPJSONFormatterTests/Pods-TPJSONFormatterTests.release.xcconfig"; sourceTree = "<group>"; };
		5CE5B394E61432C60FEDDEC6 /* Pods-TPJSONFormatterUITests.release.xcconfig */ = {isa = PBXFileReference; includeInIndex = 1; lastKnownFileType = text.xcconfig; name = "Pods-TPJSONFormatterUITests.release.xcconfig"; path = "Target Support Files/Pods-TPJSONFormatterUITests/Pods-TPJSONFormatterUITests.release.xcconfig"; sourceTree = "<group>"; };
		69A30BC324F728B48D8539C0 /* Pods_TPJSONFormatter.framework */ = {isa = PBXFileReference; explicitFileType = wrapper.framework; includeInIndex = 0; path = Pods_TPJSONFormatter.framework; sourceTree = BUILT_PRODUCTS_DIR; };
		70EC20CE1266A99B183B36B0 /* Pods-TPJSONFormatterExt.debug.xcconfig */ = {isa = PBXFileReference; includeInIndex = 1; lastKnownFileType = text.xcconfig; name = "Pods-TPJSONFormatterExt.debug.xcconfig"; path = "Target Support Files/Pods-TPJSONFormatterExt/Pods-TPJSONFormatterExt.debug.xcconfig"; sourceTree = "<group>"; };
		7BD97AE82027246100B2D13A /* TPJSONFormatter.app */ = {isa = PBXFileReference; explicitFileType = wrapper.application; includeInIndex = 0; path = TPJSONFormatter.app; sourceTree = BUILT_PRODUCTS_DIR; };
		7BD97AEB2027246100B2D13A /* AppDelegate.swift */ = {isa = PBXFileReference; lastKnownFileType = sourcecode.swift; path = AppDelegate.swift; sourceTree = "<group>"; };
		7BD97AED2027246100B2D13A /* ViewController.swift */ = {isa = PBXFileReference; lastKnownFileType = sourcecode.swift; path = ViewController.swift; sourceTree = "<group>"; };
		7BD97AEF2027246100B2D13A /* Assets.xcassets */ = {isa = PBXFileReference; lastKnownFileType = folder.assetcatalog; path = Assets.xcassets; sourceTree = "<group>"; };
		7BD97AF22027246100B2D13A /* Base */ = {isa = PBXFileReference; lastKnownFileType = file.storyboard; name = Base; path = Base.lproj/Main.storyboard; sourceTree = "<group>"; };
		7BD97AF42027246100B2D13A /* Info.plist */ = {isa = PBXFileReference; lastKnownFileType = text.plist.xml; path = Info.plist; sourceTree = "<group>"; };
		7BD97AF52027246100B2D13A /* TPJSONFormatter.entitlements */ = {isa = PBXFileReference; lastKnownFileType = text.plist.entitlements; path = TPJSONFormatter.entitlements; sourceTree = "<group>"; };
		7BD97AFA2027246100B2D13A /* TPJSONFormatterTests.xctest */ = {isa = PBXFileReference; explicitFileType = wrapper.cfbundle; includeInIndex = 0; path = TPJSONFormatterTests.xctest; sourceTree = BUILT_PRODUCTS_DIR; };
		7BD97AFE2027246100B2D13A /* TPJSONFormatterTests.swift */ = {isa = PBXFileReference; lastKnownFileType = sourcecode.swift; path = TPJSONFormatterTests.swift; sourceTree = "<group>"; };
		7BD97B002027246100B2D13A /* Info.plist */ = {isa = PBXFileReference; lastKnownFileType = text.plist.xml; path = Info.plist; sourceTree = "<group>"; };
		7BD97B052027246100B2D13A /* TPJSONFormatterUITests.xctest */ = {isa = PBXFileReference; explicitFileType = wrapper.cfbundle; includeInIndex = 0; path = TPJSONFormatterUITests.xctest; sourceTree = BUILT_PRODUCTS_DIR; };
		7BD97B092027246100B2D13A /* TPJSONFormatterUITests.swift */ = {isa = PBXFileReference; lastKnownFileType = sourcecode.swift; path = TPJSONFormatterUITests.swift; sourceTree = "<group>"; };
		7BD97B0B2027246100B2D13A /* Info.plist */ = {isa = PBXFileReference; lastKnownFileType = text.plist.xml; path = Info.plist; sourceTree = "<group>"; };
		7BD97B1820274BE400B2D13A /* TPJsonObject.swift */ = {isa = PBXFileReference; lastKnownFileType = sourcecode.swift; path = TPJsonObject.swift; sourceTree = "<group>"; };
		7BD97B1A2027741200B2D13A /* TPJsonProcessor.swift */ = {isa = PBXFileReference; lastKnownFileType = sourcecode.swift; path = TPJsonProcessor.swift; sourceTree = "<group>"; };
		7BD97B1C202B3D7600B2D13A /* TPInstanceInfo.swift */ = {isa = PBXFileReference; lastKnownFileType = sourcecode.swift; path = TPInstanceInfo.swift; sourceTree = "<group>"; };
		7BD97B2A20306F9700B2D13A /* TPInstanceParser.swift */ = {isa = PBXFileReference; lastKnownFileType = sourcecode.swift; path = TPInstanceParser.swift; sourceTree = "<group>"; };
		7BD97B2D2030765100B2D13A /* String_extension.swift */ = {isa = PBXFileReference; lastKnownFileType = sourcecode.swift; path = String_extension.swift; sourceTree = "<group>"; };
		A5086F6B22C220D600488831 /* StatusBarController.swift */ = {isa = PBXFileReference; lastKnownFileType = sourcecode.swift; path = StatusBarController.swift; sourceTree = "<group>"; };
		A5ECE05422BF9F800018F32C /* TPJSONFormatterExt.appex */ = {isa = PBXFileReference; explicitFileType = "wrapper.app-extension"; includeInIndex = 0; path = TPJSONFormatterExt.appex; sourceTree = BUILT_PRODUCTS_DIR; };
		A5ECE05622BF9F800018F32C /* Cocoa.framework */ = {isa = PBXFileReference; lastKnownFileType = wrapper.framework; name = Cocoa.framework; path = System/Library/Frameworks/Cocoa.framework; sourceTree = SDKROOT; };
		A5ECE05922BF9F800018F32C /* SourceEditorExtension.swift */ = {isa = PBXFileReference; lastKnownFileType = sourcecode.swift; path = SourceEditorExtension.swift; sourceTree = "<group>"; };
		A5ECE05B22BF9F800018F32C /* SourceEditorCommand.swift */ = {isa = PBXFileReference; lastKnownFileType = sourcecode.swift; path = SourceEditorCommand.swift; sourceTree = "<group>"; };
		A5ECE05D22BF9F800018F32C /* Info.plist */ = {isa = PBXFileReference; lastKnownFileType = text.plist.xml; path = Info.plist; sourceTree = "<group>"; };
		A5ECE05E22BF9F800018F32C /* TPJSONFormatterExt.entitlements */ = {isa = PBXFileReference; lastKnownFileType = text.plist.entitlements; path = TPJSONFormatterExt.entitlements; sourceTree = "<group>"; };
		A721EC2634E33836900B17B8 /* Pods-TPJSONFormatterTests.debug.xcconfig */ = {isa = PBXFileReference; includeInIndex = 1; lastKnownFileType = text.xcconfig; name = "Pods-TPJSONFormatterTests.debug.xcconfig"; path = "Target Support Files/Pods-TPJSONFormatterTests/Pods-TPJSONFormatterTests.debug.xcconfig"; sourceTree = "<group>"; };
		AF714CCCEAAD6641BD8E8418 /* Pods_TPJSONFormatterUITests.framework */ = {isa = PBXFileReference; explicitFileType = wrapper.framework; includeInIndex = 0; path = Pods_TPJSONFormatterUITests.framework; sourceTree = BUILT_PRODUCTS_DIR; };
		DB16267958708CE4E199CFF6 /* Pods-TPJSONFormatterUITests.debug.xcconfig */ = {isa = PBXFileReference; includeInIndex = 1; lastKnownFileType = text.xcconfig; name = "Pods-TPJSONFormatterUITests.debug.xcconfig"; path = "Target Support Files/Pods-TPJSONFormatterUITests/Pods-TPJSONFormatterUITests.debug.xcconfig"; sourceTree = "<group>"; };
		E9028179D6B769BADCAEF75A /* Pods_TPJSONFormatterTests.framework */ = {isa = PBXFileReference; explicitFileType = wrapper.framework; includeInIndex = 0; path = Pods_TPJSONFormatterTests.framework; sourceTree = BUILT_PRODUCTS_DIR; };
/* End PBXFileReference section */

/* Begin PBXFrameworksBuildPhase section */
		7BD97AE52027246100B2D13A /* Frameworks */ = {
			isa = PBXFrameworksBuildPhase;
			buildActionMask = 2147483647;
			files = (
				82E36CF0B57CC76920C69506 /* Pods_TPJSONFormatter.framework in Frameworks */,
			);
			runOnlyForDeploymentPostprocessing = 0;
		};
		7BD97AF72027246100B2D13A /* Frameworks */ = {
			isa = PBXFrameworksBuildPhase;
			buildActionMask = 2147483647;
			files = (
				DADD005791331D454A5AC5C3 /* Pods_TPJSONFormatterTests.framework in Frameworks */,
			);
			runOnlyForDeploymentPostprocessing = 0;
		};
		7BD97B022027246100B2D13A /* Frameworks */ = {
			isa = PBXFrameworksBuildPhase;
			buildActionMask = 2147483647;
			files = (
				011D3067ECA58DAF53934F85 /* Pods_TPJSONFormatterUITests.framework in Frameworks */,
			);
			runOnlyForDeploymentPostprocessing = 0;
		};
		A5ECE05122BF9F800018F32C /* Frameworks */ = {
			isa = PBXFrameworksBuildPhase;
			buildActionMask = 2147483647;
			files = (
				A5ECE05722BF9F800018F32C /* Cocoa.framework in Frameworks */,
				E86590FA7ABBD5A102458562 /* Pods_TPJSONFormatterExt.framework in Frameworks */,
			);
			runOnlyForDeploymentPostprocessing = 0;
		};
/* End PBXFrameworksBuildPhase section */

/* Begin PBXGroup section */
		7BD97ADF2027246100B2D13A = {
			isa = PBXGroup;
			children = (
				7BD97AEA2027246100B2D13A /* TPJSONFormatter */,
				7BD97AFD2027246100B2D13A /* TPJSONFormatterTests */,
				7BD97B082027246100B2D13A /* TPJSONFormatterUITests */,
				A5ECE05822BF9F800018F32C /* TPJSONFormatterExt */,
				A5ECE05522BF9F800018F32C /* Frameworks */,
				7BD97AE92027246100B2D13A /* Products */,
				CCFF80A88730E923CD273606 /* Pods */,
			);
			sourceTree = "<group>";
		};
		7BD97AE92027246100B2D13A /* Products */ = {
			isa = PBXGroup;
			children = (
				7BD97AE82027246100B2D13A /* TPJSONFormatter.app */,
				7BD97AFA2027246100B2D13A /* TPJSONFormatterTests.xctest */,
				7BD97B052027246100B2D13A /* TPJSONFormatterUITests.xctest */,
				A5ECE05422BF9F800018F32C /* TPJSONFormatterExt.appex */,
			);
			name = Products;
			sourceTree = "<group>";
		};
		7BD97AEA2027246100B2D13A /* TPJSONFormatter */ = {
			isa = PBXGroup;
			children = (
				7BD97AEB2027246100B2D13A /* AppDelegate.swift */,
				7BD97AED2027246100B2D13A /* ViewController.swift */,
				A5086F6A22C2209F00488831 /* ViewController */,
				7BD97B1720274BBA00B2D13A /* Core */,
				7BD97AEF2027246100B2D13A /* Assets.xcassets */,
				7BD97AF12027246100B2D13A /* Main.storyboard */,
				7BD97AF42027246100B2D13A /* Info.plist */,
				7BD97AF52027246100B2D13A /* TPJSONFormatter.entitlements */,
			);
			path = TPJSONFormatter;
			sourceTree = "<group>";
		};
		7BD97AFD2027246100B2D13A /* TPJSONFormatterTests */ = {
			isa = PBXGroup;
			children = (
				7BD97AFE2027246100B2D13A /* TPJSONFormatterTests.swift */,
				7BD97B002027246100B2D13A /* Info.plist */,
			);
			path = TPJSONFormatterTests;
			sourceTree = "<group>";
		};
		7BD97B082027246100B2D13A /* TPJSONFormatterUITests */ = {
			isa = PBXGroup;
			children = (
				7BD97B092027246100B2D13A /* TPJSONFormatterUITests.swift */,
				7BD97B0B2027246100B2D13A /* Info.plist */,
			);
			path = TPJSONFormatterUITests;
			sourceTree = "<group>";
		};
		7BD97B1720274BBA00B2D13A /* Core */ = {
			isa = PBXGroup;
			children = (
				7BD97B1820274BE400B2D13A /* TPJsonObject.swift */,
				7BD97B1A2027741200B2D13A /* TPJsonProcessor.swift */,
				7BD97B1C202B3D7600B2D13A /* TPInstanceInfo.swift */,
				7BD97B2A20306F9700B2D13A /* TPInstanceParser.swift */,
				7BD97B2C2030761E00B2D13A /* Extension */,
			);
			path = Core;
			sourceTree = "<group>";
		};
		7BD97B2C2030761E00B2D13A /* Extension */ = {
			isa = PBXGroup;
			children = (
				7BD97B2D2030765100B2D13A /* String_extension.swift */,
			);
			path = Extension;
			sourceTree = "<group>";
		};
		A5086F6A22C2209F00488831 /* ViewController */ = {
			isa = PBXGroup;
			children = (
				A5086F6B22C220D600488831 /* StatusBarController.swift */,
			);
			path = ViewController;
			sourceTree = "<group>";
		};
		A5ECE05522BF9F800018F32C /* Frameworks */ = {
			isa = PBXGroup;
			children = (
				A5ECE05622BF9F800018F32C /* Cocoa.framework */,
				69A30BC324F728B48D8539C0 /* Pods_TPJSONFormatter.framework */,
				4A899DCCA1022561CB682685 /* Pods_TPJSONFormatterExt.framework */,
				E9028179D6B769BADCAEF75A /* Pods_TPJSONFormatterTests.framework */,
				AF714CCCEAAD6641BD8E8418 /* Pods_TPJSONFormatterUITests.framework */,
			);
			name = Frameworks;
			sourceTree = "<group>";
		};
		A5ECE05822BF9F800018F32C /* TPJSONFormatterExt */ = {
			isa = PBXGroup;
			children = (
				A5ECE05922BF9F800018F32C /* SourceEditorExtension.swift */,
				A5ECE05B22BF9F800018F32C /* SourceEditorCommand.swift */,
				A5ECE05D22BF9F800018F32C /* Info.plist */,
				A5ECE05E22BF9F800018F32C /* TPJSONFormatterExt.entitlements */,
			);
			path = TPJSONFormatterExt;
			sourceTree = "<group>";
		};
		CCFF80A88730E923CD273606 /* Pods */ = {
			isa = PBXGroup;
			children = (
				396B2D3CF2E331A1789A30CB /* Pods-TPJSONFormatter.debug.xcconfig */,
				1548636441C322AFC24B795C /* Pods-TPJSONFormatter.release.xcconfig */,
				70EC20CE1266A99B183B36B0 /* Pods-TPJSONFormatterExt.debug.xcconfig */,
				2BC564CCFF794FF6A134F8BD /* Pods-TPJSONFormatterExt.release.xcconfig */,
				A721EC2634E33836900B17B8 /* Pods-TPJSONFormatterTests.debug.xcconfig */,
				555CDA96B1746258A0A48E52 /* Pods-TPJSONFormatterTests.release.xcconfig */,
				DB16267958708CE4E199CFF6 /* Pods-TPJSONFormatterUITests.debug.xcconfig */,
				5CE5B394E61432C60FEDDEC6 /* Pods-TPJSONFormatterUITests.release.xcconfig */,
			);
			path = Pods;
			sourceTree = "<group>";
		};
/* End PBXGroup section */

/* Begin PBXNativeTarget section */
		7BD97AE72027246100B2D13A /* TPJSONFormatter */ = {
			isa = PBXNativeTarget;
			buildConfigurationList = 7BD97B0E2027246100B2D13A /* Build configuration list for PBXNativeTarget "TPJSONFormatter" */;
			buildPhases = (
				9145B04442E0E53C023FE212 /* [CP] Check Pods Manifest.lock */,
				7BD97AE42027246100B2D13A /* Sources */,
				7BD97AE52027246100B2D13A /* Frameworks */,
				7BD97AE62027246100B2D13A /* Resources */,
				A5ECE06522BF9F800018F32C /* Embed App Extensions */,
				2B7CD825E589804511CA77C6 /* [CP] Embed Pods Frameworks */,
			);
			buildRules = (
			);
			dependencies = (
				A5ECE06022BF9F800018F32C /* PBXTargetDependency */,
			);
			name = TPJSONFormatter;
			productName = TPJSONFormatter;
			productReference = 7BD97AE82027246100B2D13A /* TPJSONFormatter.app */;
			productType = "com.apple.product-type.application";
		};
		7BD97AF92027246100B2D13A /* TPJSONFormatterTests */ = {
			isa = PBXNativeTarget;
			buildConfigurationList = 7BD97B112027246100B2D13A /* Build configuration list for PBXNativeTarget "TPJSONFormatterTests" */;
			buildPhases = (
				0AC250543F503595B5ADBF4A /* [CP] Check Pods Manifest.lock */,
				7BD97AF62027246100B2D13A /* Sources */,
				7BD97AF72027246100B2D13A /* Frameworks */,
				7BD97AF82027246100B2D13A /* Resources */,
			);
			buildRules = (
			);
			dependencies = (
				7BD97AFC2027246100B2D13A /* PBXTargetDependency */,
			);
			name = TPJSONFormatterTests;
			productName = TPJSONFormatterTests;
			productReference = 7BD97AFA2027246100B2D13A /* TPJSONFormatterTests.xctest */;
			productType = "com.apple.product-type.bundle.unit-test";
		};
		7BD97B042027246100B2D13A /* TPJSONFormatterUITests */ = {
			isa = PBXNativeTarget;
			buildConfigurationList = 7BD97B142027246100B2D13A /* Build configuration list for PBXNativeTarget "TPJSONFormatterUITests" */;
			buildPhases = (
				63B4F97982D58E16EB3C3C77 /* [CP] Check Pods Manifest.lock */,
				7BD97B012027246100B2D13A /* Sources */,
				7BD97B022027246100B2D13A /* Frameworks */,
				7BD97B032027246100B2D13A /* Resources */,
			);
			buildRules = (
			);
			dependencies = (
				7BD97B072027246100B2D13A /* PBXTargetDependency */,
			);
			name = TPJSONFormatterUITests;
			productName = TPJSONFormatterUITests;
			productReference = 7BD97B052027246100B2D13A /* TPJSONFormatterUITests.xctest */;
			productType = "com.apple.product-type.bundle.ui-testing";
		};
		A5ECE05322BF9F800018F32C /* TPJSONFormatterExt */ = {
			isa = PBXNativeTarget;
			buildConfigurationList = A5ECE06222BF9F800018F32C /* Build configuration list for PBXNativeTarget "TPJSONFormatterExt" */;
			buildPhases = (
				79C754813821ECC9A54056A8 /* [CP] Check Pods Manifest.lock */,
				A5ECE05022BF9F800018F32C /* Sources */,
				A5ECE05122BF9F800018F32C /* Frameworks */,
				A5ECE05222BF9F800018F32C /* Resources */,
			);
			buildRules = (
			);
			dependencies = (
			);
			name = TPJSONFormatterExt;
			productName = TPJSONFormatterExt;
			productReference = A5ECE05422BF9F800018F32C /* TPJSONFormatterExt.appex */;
			productType = "com.apple.product-type.xcode-extension";
		};
/* End PBXNativeTarget section */

/* Begin PBXProject section */
		7BD97AE02027246100B2D13A /* Project object */ = {
			isa = PBXProject;
			attributes = {
				LastSwiftUpdateCheck = 1020;
				LastUpgradeCheck = 1020;
				ORGANIZATIONNAME = "谭鹏";
				TargetAttributes = {
					7BD97AE72027246100B2D13A = {
						CreatedOnToolsVersion = 9.2;
						LastSwiftMigration = 1020;
						ProvisioningStyle = Automatic;
					};
					7BD97AF92027246100B2D13A = {
						CreatedOnToolsVersion = 9.2;
						ProvisioningStyle = Automatic;
						TestTargetID = 7BD97AE72027246100B2D13A;
					};
					7BD97B042027246100B2D13A = {
						CreatedOnToolsVersion = 9.2;
						ProvisioningStyle = Automatic;
						TestTargetID = 7BD97AE72027246100B2D13A;
					};
					A5ECE05322BF9F800018F32C = {
						CreatedOnToolsVersion = 10.2.1;
						ProvisioningStyle = Automatic;
					};
				};
			};
			buildConfigurationList = 7BD97AE32027246100B2D13A /* Build configuration list for PBXProject "TPJSONFormatter" */;
			compatibilityVersion = "Xcode 8.0";
			developmentRegion = en;
			hasScannedForEncodings = 0;
			knownRegions = (
				en,
				Base,
			);
			mainGroup = 7BD97ADF2027246100B2D13A;
			productRefGroup = 7BD97AE92027246100B2D13A /* Products */;
			projectDirPath = "";
			projectRoot = "";
			targets = (
				7BD97AE72027246100B2D13A /* TPJSONFormatter */,
				7BD97AF92027246100B2D13A /* TPJSONFormatterTests */,
				7BD97B042027246100B2D13A /* TPJSONFormatterUITests */,
				A5ECE05322BF9F800018F32C /* TPJSONFormatterExt */,
			);
		};
/* End PBXProject section */

/* Begin PBXResourcesBuildPhase section */
		7BD97AE62027246100B2D13A /* Resources */ = {
			isa = PBXResourcesBuildPhase;
			buildActionMask = 2147483647;
			files = (
				7BD97AF02027246100B2D13A /* Assets.xcassets in Resources */,
				7BD97AF32027246100B2D13A /* Main.storyboard in Resources */,
			);
			runOnlyForDeploymentPostprocessing = 0;
		};
		7BD97AF82027246100B2D13A /* Resources */ = {
			isa = PBXResourcesBuildPhase;
			buildActionMask = 2147483647;
			files = (
			);
			runOnlyForDeploymentPostprocessing = 0;
		};
		7BD97B032027246100B2D13A /* Resources */ = {
			isa = PBXResourcesBuildPhase;
			buildActionMask = 2147483647;
			files = (
			);
			runOnlyForDeploymentPostprocessing = 0;
		};
		A5ECE05222BF9F800018F32C /* Resources */ = {
			isa = PBXResourcesBuildPhase;
			buildActionMask = 2147483647;
			files = (
			);
			runOnlyForDeploymentPostprocessing = 0;
		};
/* End PBXResourcesBuildPhase section */

/* Begin PBXShellScriptBuildPhase section */
		0AC250543F503595B5ADBF4A /* [CP] Check Pods Manifest.lock */ = {
			isa = PBXShellScriptBuildPhase;
			buildActionMask = 2147483647;
			files = (
			);
			inputFileListPaths = (
			);
			inputPaths = (
				"${PODS_PODFILE_DIR_PATH}/Podfile.lock",
				"${PODS_ROOT}/Manifest.lock",
			);
			name = "[CP] Check Pods Manifest.lock";
			outputFileListPaths = (
			);
			outputPaths = (
				"$(DERIVED_FILE_DIR)/Pods-TPJSONFormatterTests-checkManifestLockResult.txt",
			);
			runOnlyForDeploymentPostprocessing = 0;
			shellPath = /bin/sh;
			shellScript = "diff \"${PODS_PODFILE_DIR_PATH}/Podfile.lock\" \"${PODS_ROOT}/Manifest.lock\" > /dev/null\nif [ $? != 0 ] ; then\n    # print error to STDERR\n    echo \"error: The sandbox is not in sync with the Podfile.lock. Run 'pod install' or update your CocoaPods installation.\" >&2\n    exit 1\nfi\n# This output is used by Xcode 'outputs' to avoid re-running this script phase.\necho \"SUCCESS\" > \"${SCRIPT_OUTPUT_FILE_0}\"\n";
			showEnvVarsInLog = 0;
		};
		2B7CD825E589804511CA77C6 /* [CP] Embed Pods Frameworks */ = {
			isa = PBXShellScriptBuildPhase;
			buildActionMask = 2147483647;
			files = (
			);
			inputFileListPaths = (
			);
			inputPaths = (
				"${PODS_ROOT}/Target Support Files/Pods-TPJSONFormatter/Pods-TPJSONFormatter-frameworks.sh",
				"${BUILT_PRODUCTS_DIR}/SnapKit/SnapKit.framework",
			);
			name = "[CP] Embed Pods Frameworks";
			outputFileListPaths = (
			);
			outputPaths = (
				"${TARGET_BUILD_DIR}/${FRAMEWORKS_FOLDER_PATH}/SnapKit.framework",
			);
			runOnlyForDeploymentPostprocessing = 0;
			shellPath = /bin/sh;
			shellScript = "\"${PODS_ROOT}/Target Support Files/Pods-TPJSONFormatter/Pods-TPJSONFormatter-frameworks.sh\"\n";
			showEnvVarsInLog = 0;
		};
		63B4F97982D58E16EB3C3C77 /* [CP] Check Pods Manifest.lock */ = {
			isa = PBXShellScriptBuildPhase;
			buildActionMask = 2147483647;
			files = (
			);
			inputFileListPaths = (
			);
			inputPaths = (
				"${PODS_PODFILE_DIR_PATH}/Podfile.lock",
				"${PODS_ROOT}/Manifest.lock",
			);
			name = "[CP] Check Pods Manifest.lock";
			outputFileListPaths = (
			);
			outputPaths = (
				"$(DERIVED_FILE_DIR)/Pods-TPJSONFormatterUITests-checkManifestLockResult.txt",
			);
			runOnlyForDeploymentPostprocessing = 0;
			shellPath = /bin/sh;
			shellScript = "diff \"${PODS_PODFILE_DIR_PATH}/Podfile.lock\" \"${PODS_ROOT}/Manifest.lock\" > /dev/null\nif [ $? != 0 ] ; then\n    # print error to STDERR\n    echo \"error: The sandbox is not in sync with the Podfile.lock. Run 'pod install' or update your CocoaPods installation.\" >&2\n    exit 1\nfi\n# This output is used by Xcode 'outputs' to avoid re-running this script phase.\necho \"SUCCESS\" > \"${SCRIPT_OUTPUT_FILE_0}\"\n";
			showEnvVarsInLog = 0;
		};
		79C754813821ECC9A54056A8 /* [CP] Check Pods Manifest.lock */ = {
			isa = PBXShellScriptBuildPhase;
			buildActionMask = 2147483647;
			files = (
			);
			inputFileListPaths = (
			);
			inputPaths = (
				"${PODS_PODFILE_DIR_PATH}/Podfile.lock",
				"${PODS_ROOT}/Manifest.lock",
			);
			name = "[CP] Check Pods Manifest.lock";
			outputFileListPaths = (
			);
			outputPaths = (
				"$(DERIVED_FILE_DIR)/Pods-TPJSONFormatterExt-checkManifestLockResult.txt",
			);
			runOnlyForDeploymentPostprocessing = 0;
			shellPath = /bin/sh;
			shellScript = "diff \"${PODS_PODFILE_DIR_PATH}/Podfile.lock\" \"${PODS_ROOT}/Manifest.lock\" > /dev/null\nif [ $? != 0 ] ; then\n    # print error to STDERR\n    echo \"error: The sandbox is not in sync with the Podfile.lock. Run 'pod install' or update your CocoaPods installation.\" >&2\n    exit 1\nfi\n# This output is used by Xcode 'outputs' to avoid re-running this script phase.\necho \"SUCCESS\" > \"${SCRIPT_OUTPUT_FILE_0}\"\n";
			showEnvVarsInLog = 0;
		};
		9145B04442E0E53C023FE212 /* [CP] Check Pods Manifest.lock */ = {
			isa = PBXShellScriptBuildPhase;
			buildActionMask = 2147483647;
			files = (
			);
			inputFileListPaths = (
			);
			inputPaths = (
				"${PODS_PODFILE_DIR_PATH}/Podfile.lock",
				"${PODS_ROOT}/Manifest.lock",
			);
			name = "[CP] Check Pods Manifest.lock";
			outputFileListPaths = (
			);
			outputPaths = (
				"$(DERIVED_FILE_DIR)/Pods-TPJSONFormatter-checkManifestLockResult.txt",
			);
			runOnlyForDeploymentPostprocessing = 0;
			shellPath = /bin/sh;
			shellScript = "diff \"${PODS_PODFILE_DIR_PATH}/Podfile.lock\" \"${PODS_ROOT}/Manifest.lock\" > /dev/null\nif [ $? != 0 ] ; then\n    # print error to STDERR\n    echo \"error: The sandbox is not in sync with the Podfile.lock. Run 'pod install' or update your CocoaPods installation.\" >&2\n    exit 1\nfi\n# This output is used by Xcode 'outputs' to avoid re-running this script phase.\necho \"SUCCESS\" > \"${SCRIPT_OUTPUT_FILE_0}\"\n";
			showEnvVarsInLog = 0;
		};
/* End PBXShellScriptBuildPhase section */

/* Begin PBXSourcesBuildPhase section */
		7BD97AE42027246100B2D13A /* Sources */ = {
			isa = PBXSourcesBuildPhase;
			buildActionMask = 2147483647;
			files = (
				7BD97AEE2027246100B2D13A /* ViewController.swift in Sources */,
				A5086F6C22C220D600488831 /* StatusBarController.swift in Sources */,
				A5ECE07022BFCFBF0018F32C /* TPJsonProcessor.swift in Sources */,
				7BD97AEC2027246100B2D13A /* AppDelegate.swift in Sources */,
				A5ECE06F22BFCFBF0018F32C /* TPJsonObject.swift in Sources */,
				A5ECE07222BFCFBF0018F32C /* TPInstanceParser.swift in Sources */,
				A5ECE07122BFCFBF0018F32C /* TPInstanceInfo.swift in Sources */,
				7BD97B2E2030765100B2D13A /* String_extension.swift in Sources */,
			);
			runOnlyForDeploymentPostprocessing = 0;
		};
		7BD97AF62027246100B2D13A /* Sources */ = {
			isa = PBXSourcesBuildPhase;
			buildActionMask = 2147483647;
			files = (
				7BD97AFF2027246100B2D13A /* TPJSONFormatterTests.swift in Sources */,
			);
			runOnlyForDeploymentPostprocessing = 0;
		};
		7BD97B012027246100B2D13A /* Sources */ = {
			isa = PBXSourcesBuildPhase;
			buildActionMask = 2147483647;
			files = (
				7BD97B0A2027246100B2D13A /* TPJSONFormatterUITests.swift in Sources */,
			);
			runOnlyForDeploymentPostprocessing = 0;
		};
		A5ECE05022BF9F800018F32C /* Sources */ = {
			isa = PBXSourcesBuildPhase;
			buildActionMask = 2147483647;
			files = (
				A5ECE07422BFCFC60018F32C /* TPJsonObject.swift in Sources */,
				A5ECE07622BFCFC60018F32C /* TPInstanceInfo.swift in Sources */,
				A5ECE05A22BF9F800018F32C /* SourceEditorExtension.swift in Sources */,
				A5ECE07722BFCFC60018F32C /* TPInstanceParser.swift in Sources */,
				A5ECE07522BFCFC60018F32C /* TPJsonProcessor.swift in Sources */,
				A5ECE05C22BF9F800018F32C /* SourceEditorCommand.swift in Sources */,
				A5ECE07822BFCFC60018F32C /* String_extension.swift in Sources */,
			);
			runOnlyForDeploymentPostprocessing = 0;
		};
/* End PBXSourcesBuildPhase section */

/* Begin PBXTargetDependency section */
		7BD97AFC2027246100B2D13A /* PBXTargetDependency */ = {
			isa = PBXTargetDependency;
			target = 7BD97AE72027246100B2D13A /* TPJSONFormatter */;
			targetProxy = 7BD97AFB2027246100B2D13A /* PBXContainerItemProxy */;
		};
		7BD97B072027246100B2D13A /* PBXTargetDependency */ = {
			isa = PBXTargetDependency;
			target = 7BD97AE72027246100B2D13A /* TPJSONFormatter */;
			targetProxy = 7BD97B062027246100B2D13A /* PBXContainerItemProxy */;
		};
		A5ECE06022BF9F800018F32C /* PBXTargetDependency */ = {
			isa = PBXTargetDependency;
			target = A5ECE05322BF9F800018F32C /* TPJSONFormatterExt */;
			targetProxy = A5ECE05F22BF9F800018F32C /* PBXContainerItemProxy */;
		};
/* End PBXTargetDependency section */

/* Begin PBXVariantGroup section */
		7BD97AF12027246100B2D13A /* Main.storyboard */ = {
			isa = PBXVariantGroup;
			children = (
				7BD97AF22027246100B2D13A /* Base */,
			);
			name = Main.storyboard;
			sourceTree = "<group>";
		};
/* End PBXVariantGroup section */

/* Begin XCBuildConfiguration section */
		7BD97B0C2027246100B2D13A /* Debug */ = {
			isa = XCBuildConfiguration;
			buildSettings = {
				ALWAYS_SEARCH_USER_PATHS = NO;
				CLANG_ANALYZER_NONNULL = YES;
				CLANG_ANALYZER_NUMBER_OBJECT_CONVERSION = YES_AGGRESSIVE;
				CLANG_CXX_LANGUAGE_STANDARD = "gnu++14";
				CLANG_CXX_LIBRARY = "libc++";
				CLANG_ENABLE_MODULES = YES;
				CLANG_ENABLE_OBJC_ARC = YES;
				CLANG_WARN_BLOCK_CAPTURE_AUTORELEASING = YES;
				CLANG_WARN_BOOL_CONVERSION = YES;
				CLANG_WARN_COMMA = YES;
				CLANG_WARN_CONSTANT_CONVERSION = YES;
				CLANG_WARN_DEPRECATED_OBJC_IMPLEMENTATIONS = YES;
				CLANG_WARN_DIRECT_OBJC_ISA_USAGE = YES_ERROR;
				CLANG_WARN_DOCUMENTATION_COMMENTS = YES;
				CLANG_WARN_EMPTY_BODY = YES;
				CLANG_WARN_ENUM_CONVERSION = YES;
				CLANG_WARN_INFINITE_RECURSION = YES;
				CLANG_WARN_INT_CONVERSION = YES;
				CLANG_WARN_NON_LITERAL_NULL_CONVERSION = YES;
				CLANG_WARN_OBJC_IMPLICIT_RETAIN_SELF = YES;
				CLANG_WARN_OBJC_LITERAL_CONVERSION = YES;
				CLANG_WARN_OBJC_ROOT_CLASS = YES_ERROR;
				CLANG_WARN_RANGE_LOOP_ANALYSIS = YES;
				CLANG_WARN_STRICT_PROTOTYPES = YES;
				CLANG_WARN_SUSPICIOUS_MOVE = YES;
				CLANG_WARN_UNGUARDED_AVAILABILITY = YES_AGGRESSIVE;
				CLANG_WARN_UNREACHABLE_CODE = YES;
				CLANG_WARN__DUPLICATE_METHOD_MATCH = YES;
				CODE_SIGN_IDENTITY = "Mac Developer";
				COPY_PHASE_STRIP = NO;
				DEBUG_INFORMATION_FORMAT = dwarf;
				ENABLE_STRICT_OBJC_MSGSEND = YES;
				ENABLE_TESTABILITY = YES;
				GCC_C_LANGUAGE_STANDARD = gnu11;
				GCC_DYNAMIC_NO_PIC = NO;
				GCC_NO_COMMON_BLOCKS = YES;
				GCC_OPTIMIZATION_LEVEL = 0;
				GCC_PREPROCESSOR_DEFINITIONS = (
					"DEBUG=1",
					"$(inherited)",
				);
				GCC_WARN_64_TO_32_BIT_CONVERSION = YES;
				GCC_WARN_ABOUT_RETURN_TYPE = YES_ERROR;
				GCC_WARN_UNDECLARED_SELECTOR = YES;
				GCC_WARN_UNINITIALIZED_AUTOS = YES_AGGRESSIVE;
				GCC_WARN_UNUSED_FUNCTION = YES;
				GCC_WARN_UNUSED_VARIABLE = YES;
				MACOSX_DEPLOYMENT_TARGET = 10.13;
				MTL_ENABLE_DEBUG_INFO = YES;
				ONLY_ACTIVE_ARCH = YES;
				SDKROOT = macosx;
				SWIFT_ACTIVE_COMPILATION_CONDITIONS = DEBUG;
				SWIFT_OPTIMIZATION_LEVEL = "-Onone";
			};
			name = Debug;
		};
		7BD97B0D2027246100B2D13A /* Release */ = {
			isa = XCBuildConfiguration;
			buildSettings = {
				ALWAYS_SEARCH_USER_PATHS = NO;
				CLANG_ANALYZER_NONNULL = YES;
				CLANG_ANALYZER_NUMBER_OBJECT_CONVERSION = YES_AGGRESSIVE;
				CLANG_CXX_LANGUAGE_STANDARD = "gnu++14";
				CLANG_CXX_LIBRARY = "libc++";
				CLANG_ENABLE_MODULES = YES;
				CLANG_ENABLE_OBJC_ARC = YES;
				CLANG_WARN_BLOCK_CAPTURE_AUTORELEASING = YES;
				CLANG_WARN_BOOL_CONVERSION = YES;
				CLANG_WARN_COMMA = YES;
				CLANG_WARN_CONSTANT_CONVERSION = YES;
				CLANG_WARN_DEPRECATED_OBJC_IMPLEMENTATIONS = YES;
				CLANG_WARN_DIRECT_OBJC_ISA_USAGE = YES_ERROR;
				CLANG_WARN_DOCUMENTATION_COMMENTS = YES;
				CLANG_WARN_EMPTY_BODY = YES;
				CLANG_WARN_ENUM_CONVERSION = YES;
				CLANG_WARN_INFINITE_RECURSION = YES;
				CLANG_WARN_INT_CONVERSION = YES;
				CLANG_WARN_NON_LITERAL_NULL_CONVERSION = YES;
				CLANG_WARN_OBJC_IMPLICIT_RETAIN_SELF = YES;
				CLANG_WARN_OBJC_LITERAL_CONVERSION = YES;
				CLANG_WARN_OBJC_ROOT_CLASS = YES_ERROR;
				CLANG_WARN_RANGE_LOOP_ANALYSIS = YES;
				CLANG_WARN_STRICT_PROTOTYPES = YES;
				CLANG_WARN_SUSPICIOUS_MOVE = YES;
				CLANG_WARN_UNGUARDED_AVAILABILITY = YES_AGGRESSIVE;
				CLANG_WARN_UNREACHABLE_CODE = YES;
				CLANG_WARN__DUPLICATE_METHOD_MATCH = YES;
				CODE_SIGN_IDENTITY = "Mac Developer";
				COPY_PHASE_STRIP = NO;
				DEBUG_INFORMATION_FORMAT = "dwarf-with-dsym";
				ENABLE_NS_ASSERTIONS = NO;
				ENABLE_STRICT_OBJC_MSGSEND = YES;
				GCC_C_LANGUAGE_STANDARD = gnu11;
				GCC_NO_COMMON_BLOCKS = YES;
				GCC_WARN_64_TO_32_BIT_CONVERSION = YES;
				GCC_WARN_ABOUT_RETURN_TYPE = YES_ERROR;
				GCC_WARN_UNDECLARED_SELECTOR = YES;
				GCC_WARN_UNINITIALIZED_AUTOS = YES_AGGRESSIVE;
				GCC_WARN_UNUSED_FUNCTION = YES;
				GCC_WARN_UNUSED_VARIABLE = YES;
				MACOSX_DEPLOYMENT_TARGET = 10.13;
				MTL_ENABLE_DEBUG_INFO = NO;
				SDKROOT = macosx;
				SWIFT_OPTIMIZATION_LEVEL = "-Owholemodule";
			};
			name = Release;
		};
		7BD97B0F2027246100B2D13A /* Debug */ = {
			isa = XCBuildConfiguration;
			baseConfigurationReference = 396B2D3CF2E331A1789A30CB /* Pods-TPJSONFormatter.debug.xcconfig */;
			buildSettings = {
				ASSETCATALOG_COMPILER_APPICON_NAME = AppIcon;
				CODE_SIGN_ENTITLEMENTS = TPJSONFormatter/TPJSONFormatter.entitlements;
				CODE_SIGN_STYLE = Automatic;
				COMBINE_HIDPI_IMAGES = YES;
				DEVELOPMENT_TEAM = 69NY7TFEUP;
				INFOPLIST_FILE = TPJSONFormatter/Info.plist;
				LD_RUNPATH_SEARCH_PATHS = "$(inherited) @executable_path/../Frameworks";
				PRODUCT_BUNDLE_IDENTIFIER = com.tanpengcd.TPJSONFormatter;
				PRODUCT_NAME = "$(TARGET_NAME)";
				SWIFT_VERSION = 5.0;
			};
			name = Debug;
		};
		7BD97B102027246100B2D13A /* Release */ = {
			isa = XCBuildConfiguration;
			baseConfigurationReference = 1548636441C322AFC24B795C /* Pods-TPJSONFormatter.release.xcconfig */;
			buildSettings = {
				ASSETCATALOG_COMPILER_APPICON_NAME = AppIcon;
				CODE_SIGN_ENTITLEMENTS = TPJSONFormatter/TPJSONFormatter.entitlements;
				CODE_SIGN_STYLE = Automatic;
				COMBINE_HIDPI_IMAGES = YES;
				DEVELOPMENT_TEAM = 69NY7TFEUP;
				INFOPLIST_FILE = TPJSONFormatter/Info.plist;
				LD_RUNPATH_SEARCH_PATHS = "$(inherited) @executable_path/../Frameworks";
				PRODUCT_BUNDLE_IDENTIFIER = com.tanpengcd.TPJSONFormatter;
				PRODUCT_NAME = "$(TARGET_NAME)";
				SWIFT_VERSION = 5.0;
			};
			name = Release;
		};
		7BD97B122027246100B2D13A /* Debug */ = {
			isa = XCBuildConfiguration;
			baseConfigurationReference = A721EC2634E33836900B17B8 /* Pods-TPJSONFormatterTests.debug.xcconfig */;
			buildSettings = {
				BUNDLE_LOADER = "$(TEST_HOST)";
				CODE_SIGN_STYLE = Automatic;
				COMBINE_HIDPI_IMAGES = YES;
				DEVELOPMENT_TEAM = 69NY7TFEUP;
				INFOPLIST_FILE = TPJSONFormatterTests/Info.plist;
				LD_RUNPATH_SEARCH_PATHS = "$(inherited) @executable_path/../Frameworks @loader_path/../Frameworks";
				PRODUCT_BUNDLE_IDENTIFIER = com.tanpengcd.TPJSONFormatterTests;
				PRODUCT_NAME = "$(TARGET_NAME)";
				SWIFT_VERSION = 4.0;
				TEST_HOST = "$(BUILT_PRODUCTS_DIR)/TPJSONFormatter.app/Contents/MacOS/TPJSONFormatter";
			};
			name = Debug;
		};
		7BD97B132027246100B2D13A /* Release */ = {
			isa = XCBuildConfiguration;
			baseConfigurationReference = 555CDA96B1746258A0A48E52 /* Pods-TPJSONFormatterTests.release.xcconfig */;
			buildSettings = {
				BUNDLE_LOADER = "$(TEST_HOST)";
				CODE_SIGN_STYLE = Automatic;
				COMBINE_HIDPI_IMAGES = YES;
				DEVELOPMENT_TEAM = 69NY7TFEUP;
				INFOPLIST_FILE = TPJSONFormatterTests/Info.plist;
				LD_RUNPATH_SEARCH_PATHS = "$(inherited) @executable_path/../Frameworks @loader_path/../Frameworks";
				PRODUCT_BUNDLE_IDENTIFIER = com.tanpengcd.TPJSONFormatterTests;
				PRODUCT_NAME = "$(TARGET_NAME)";
				SWIFT_VERSION = 4.0;
				TEST_HOST = "$(BUILT_PRODUCTS_DIR)/TPJSONFormatter.app/Contents/MacOS/TPJSONFormatter";
			};
			name = Release;
		};
		7BD97B152027246100B2D13A /* Debug */ = {
			isa = XCBuildConfiguration;
			baseConfigurationReference = DB16267958708CE4E199CFF6 /* Pods-TPJSONFormatterUITests.debug.xcconfig */;
			buildSettings = {
				CODE_SIGN_STYLE = Automatic;
				COMBINE_HIDPI_IMAGES = YES;
				DEVELOPMENT_TEAM = 69NY7TFEUP;
				INFOPLIST_FILE = TPJSONFormatterUITests/Info.plist;
				LD_RUNPATH_SEARCH_PATHS = "$(inherited) @executable_path/../Frameworks @loader_path/../Frameworks";
				PRODUCT_BUNDLE_IDENTIFIER = com.tanpengcd.TPJSONFormatterUITests;
				PRODUCT_NAME = "$(TARGET_NAME)";
				SWIFT_VERSION = 4.0;
				TEST_TARGET_NAME = TPJSONFormatter;
			};
			name = Debug;
		};
		7BD97B162027246100B2D13A /* Release */ = {
			isa = XCBuildConfiguration;
			baseConfigurationReference = 5CE5B394E61432C60FEDDEC6 /* Pods-TPJSONFormatterUITests.release.xcconfig */;
			buildSettings = {
				CODE_SIGN_STYLE = Automatic;
				COMBINE_HIDPI_IMAGES = YES;
				DEVELOPMENT_TEAM = 69NY7TFEUP;
				INFOPLIST_FILE = TPJSONFormatterUITests/Info.plist;
				LD_RUNPATH_SEARCH_PATHS = "$(inherited) @executable_path/../Frameworks @loader_path/../Frameworks";
				PRODUCT_BUNDLE_IDENTIFIER = com.tanpengcd.TPJSONFormatterUITests;
				PRODUCT_NAME = "$(TARGET_NAME)";
				SWIFT_VERSION = 4.0;
				TEST_TARGET_NAME = TPJSONFormatter;
			};
			name = Release;
		};
		A5ECE06322BF9F800018F32C /* Debug */ = {
			isa = XCBuildConfiguration;
			baseConfigurationReference = 70EC20CE1266A99B183B36B0 /* Pods-TPJSONFormatterExt.debug.xcconfig */;
			buildSettings = {
				CLANG_ENABLE_OBJC_WEAK = YES;
				CLANG_WARN_DEPRECATED_OBJC_IMPLEMENTATIONS = YES;
				CLANG_WARN_OBJC_IMPLICIT_RETAIN_SELF = YES;
				CODE_SIGN_ENTITLEMENTS = TPJSONFormatterExt/TPJSONFormatterExt.entitlements;
				CODE_SIGN_STYLE = Automatic;
				COMBINE_HIDPI_IMAGES = YES;
				DEVELOPMENT_TEAM = 69NY7TFEUP;
				INFOPLIST_FILE = TPJSONFormatterExt/Info.plist;
				LD_RUNPATH_SEARCH_PATHS = "$(inherited) @executable_path/../Frameworks @executable_path/../../../../Frameworks";
				MACOSX_DEPLOYMENT_TARGET = 10.14;
				MTL_ENABLE_DEBUG_INFO = INCLUDE_SOURCE;
				MTL_FAST_MATH = YES;
				PRODUCT_BUNDLE_IDENTIFIER = com.tanpengcd.TPJSONFormatter.TPJSONFormatterExt;
				PRODUCT_NAME = "$(TARGET_NAME)";
				SKIP_INSTALL = YES;
				SWIFT_VERSION = 5.0;
			};
			name = Debug;
		};
		A5ECE06422BF9F800018F32C /* Release */ = {
			isa = XCBuildConfiguration;
			baseConfigurationReference = 2BC564CCFF794FF6A134F8BD /* Pods-TPJSONFormatterExt.release.xcconfig */;
			buildSettings = {
				CLANG_ENABLE_OBJC_WEAK = YES;
				CLANG_WARN_DEPRECATED_OBJC_IMPLEMENTATIONS = YES;
				CLANG_WARN_OBJC_IMPLICIT_RETAIN_SELF = YES;
				CODE_SIGN_ENTITLEMENTS = TPJSONFormatterExt/TPJSONFormatterExt.entitlements;
				CODE_SIGN_STYLE = Automatic;
				COMBINE_HIDPI_IMAGES = YES;
				DEVELOPMENT_TEAM = 69NY7TFEUP;
				INFOPLIST_FILE = TPJSONFormatterExt/Info.plist;
				LD_RUNPATH_SEARCH_PATHS = "$(inherited) @executable_path/../Frameworks @executable_path/../../../../Frameworks";
				MACOSX_DEPLOYMENT_TARGET = 10.14;
				MTL_FAST_MATH = YES;
				PRODUCT_BUNDLE_IDENTIFIER = com.tanpengcd.TPJSONFormatter.TPJSONFormatterExt;
				PRODUCT_NAME = "$(TARGET_NAME)";
				SKIP_INSTALL = YES;
				SWIFT_VERSION = 5.0;
			};
			name = Release;
		};
/* End XCBuildConfiguration section */

/* Begin XCConfigurationList section */
		7BD97AE32027246100B2D13A /* Build configuration list for PBXProject "TPJSONFormatter" */ = {
			isa = XCConfigurationList;
			buildConfigurations = (
				7BD97B0C2027246100B2D13A /* Debug */,
				7BD97B0D2027246100B2D13A /* Release */,
			);
			defaultConfigurationIsVisible = 0;
			defaultConfigurationName = Release;
		};
		7BD97B0E2027246100B2D13A /* Build configuration list for PBXNativeTarget "TPJSONFormatter" */ = {
			isa = XCConfigurationList;
			buildConfigurations = (
				7BD97B0F2027246100B2D13A /* Debug */,
				7BD97B102027246100B2D13A /* Release */,
			);
			defaultConfigurationIsVisible = 0;
			defaultConfigurationName = Release;
		};
		7BD97B112027246100B2D13A /* Build configuration list for PBXNativeTarget "TPJSONFormatterTests" */ = {
			isa = XCConfigurationList;
			buildConfigurations = (
				7BD97B122027246100B2D13A /* Debug */,
				7BD97B132027246100B2D13A /* Release */,
			);
			defaultConfigurationIsVisible = 0;
			defaultConfigurationName = Release;
		};
		7BD97B142027246100B2D13A /* Build configuration list for PBXNativeTarget "TPJSONFormatterUITests" */ = {
			isa = XCConfigurationList;
			buildConfigurations = (
				7BD97B152027246100B2D13A /* Debug */,
				7BD97B162027246100B2D13A /* Release */,
			);
			defaultConfigurationIsVisible = 0;
			defaultConfigurationName = Release;
		};
		A5ECE06222BF9F800018F32C /* Build configuration list for PBXNativeTarget "TPJSONFormatterExt" */ = {
			isa = XCConfigurationList;
			buildConfigurations = (
				A5ECE06322BF9F800018F32C /* Debug */,
				A5ECE06422BF9F800018F32C /* Release */,
			);
			defaultConfigurationIsVisible = 0;
			defaultConfigurationName = Release;
		};
/* End XCConfigurationList section */
	};
	rootObject = 7BD97AE02027246100B2D13A /* Project object */;
}
